
Microsoft Visual Studio Solution File, Format Version 12.00
# Visual Studio Version 17
VisualStudioVersion = 17.14.36915.13 d17.14
MinimumVisualStudioVersion = 10.0.40219.1
Project("{FAE04EC0-301F-11D3-BF4B-00C04F79EFBC}") = "Proje_Nesne_Hareketler", "Proje_Nesne_Hareketler\Proje_Nesne_Hareketler.csproj", "{3365530A-8A45-4ED4-BC91-CEF3444981DE}"
EndProject
Global
	GlobalSection(SolutionConfigurationPlatforms) = preSolution
		Debug|Any CPU = Debug|Any CPU
		Release|Any CPU = Release|Any CPU
	EndGlobalSection
	GlobalSection(ProjectConfigurationPlatforms) = postSolution
		{3365530A-8A45-4ED4-BC91-CEF3444981DE}.Debug|Any CPU.ActiveCfg = Debug|Any CPU
		{3365530A-8A45-4ED4-BC91-CEF3444981DE}.Debug|Any CPU.Build.0 = Debug|Any CPU
		{3365530A-8A45-4ED4-BC91-CEF3444981DE}.Release|Any CPU.ActiveCfg = Release|Any CPU
		{3365530A-8A45-4ED4-BC91-CEF3444981DE}.Release|Any CPU.Build.0 = Release|Any CPU
	EndGlobalSection
	GlobalSection(SolutionProperties) = preSolution
		HideSolutionNode = FALSE
	EndGlobalSection
	GlobalSection(ExtensibilityGlobals) = postSolution
		SolutionGuid = {DF63C25B-FC1A-4871-9E46-CE3DF818440F}
	EndGlobalSection
EndGlobal
