
Microsoft Visual Studio Solution File, Format Version 12.00
# Visual Studio Version 17
VisualStudioVersion = 17.14.36915.13 d17.14
MinimumVisualStudioVersion = 10.0.40219.1
Project("{FAE04EC0-301F-11D3-BF4B-00C04F79EFBC}") = "Akaryakit_Takip_Sistemi", "Akaryakit_Takip_Sistemi\Akaryakit_Takip_Sistemi.csproj", "{8CD09A3C-2A51-4073-813D-BC0C18E38B4E}"
EndProject
Global
	GlobalSection(SolutionConfigurationPlatforms) = preSolution
		Debug|Any CPU = Debug|Any CPU
		Release|Any CPU = Release|Any CPU
	EndGlobalSection
	GlobalSection(ProjectConfigurationPlatforms) = postSolution
		{8CD09A3C-2A51-4073-813D-BC0C18E38B4E}.Debug|Any CPU.ActiveCfg = Debug|Any CPU
		{8CD09A3C-2A51-4073-813D-BC0C18E38B4E}.Debug|Any CPU.Build.0 = Debug|Any CPU
		{8CD09A3C-2A51-4073-813D-BC0C18E38B4E}.Release|Any CPU.ActiveCfg = Release|Any CPU
		{8CD09A3C-2A51-4073-813D-BC0C18E38B4E}.Release|Any CPU.Build.0 = Release|Any CPU
	EndGlobalSection
	GlobalSection(SolutionProperties) = preSolution
		HideSolutionNode = FALSE
	EndGlobalSection
	GlobalSection(ExtensibilityGlobals) = postSolution
		SolutionGuid = {1E572042-986E-468D-A0F8-B4C8A6069E99}
	EndGlobalSection
EndGlobal
