
Microsoft Visual Studio Solution File, Format Version 12.00
# Visual Studio Version 17
VisualStudioVersion = 17.14.36915.13 d17.14
MinimumVisualStudioVersion = 10.0.40219.1
Project("{FAE04EC0-301F-11D3-BF4B-00C04F79EFBC}") = "Etut_Proje", "Etut_Proje\Etut_Proje.csproj", "{E7817332-1AB3-480C-8D3F-C06D50EDE5EA}"
EndProject
Global
	GlobalSection(SolutionConfigurationPlatforms) = preSolution
		Debug|Any CPU = Debug|Any CPU
		Release|Any CPU = Release|Any CPU
	EndGlobalSection
	GlobalSection(ProjectConfigurationPlatforms) = postSolution
		{E7817332-1AB3-480C-8D3F-C06D50EDE5EA}.Debug|Any CPU.ActiveCfg = Debug|Any CPU
		{E7817332-1AB3-480C-8D3F-C06D50EDE5EA}.Debug|Any CPU.Build.0 = Debug|Any CPU
		{E7817332-1AB3-480C-8D3F-C06D50EDE5EA}.Release|Any CPU.ActiveCfg = Release|Any CPU
		{E7817332-1AB3-480C-8D3F-C06D50EDE5EA}.Release|Any CPU.Build.0 = Release|Any CPU
	EndGlobalSection
	GlobalSection(SolutionProperties) = preSolution
		HideSolutionNode = FALSE
	EndGlobalSection
	GlobalSection(ExtensibilityGlobals) = postSolution
		SolutionGuid = {6209E6AC-A3D6-40E7-B446-88B406747085}
	EndGlobalSection
EndGlobal
