
Microsoft Visual Studio Solution File, Format Version 12.00
# Visual Studio Version 17
VisualStudioVersion = 17.14.36930.0 d17.14
MinimumVisualStudioVersion = 10.0.40219.1
Project("{FAE04EC0-301F-11D3-BF4B-00C04F79EFBC}") = "Resim", "Resim\Resim.csproj", "{5FAA6F57-D8E9-429F-BBBD-CE5EFA58115D}"
EndProject
Global
	GlobalSection(SolutionConfigurationPlatforms) = preSolution
		Debug|Any CPU = Debug|Any CPU
		Release|Any CPU = Release|Any CPU
	EndGlobalSection
	GlobalSection(ProjectConfigurationPlatforms) = postSolution
		{5FAA6F57-D8E9-429F-BBBD-CE5EFA58115D}.Debug|Any CPU.ActiveCfg = Debug|Any CPU
		{5FAA6F57-D8E9-429F-BBBD-CE5EFA58115D}.Debug|Any CPU.Build.0 = Debug|Any CPU
		{5FAA6F57-D8E9-429F-BBBD-CE5EFA58115D}.Release|Any CPU.ActiveCfg = Release|Any CPU
		{5FAA6F57-D8E9-429F-BBBD-CE5EFA58115D}.Release|Any CPU.Build.0 = Release|Any CPU
	EndGlobalSection
	GlobalSection(SolutionProperties) = preSolution
		HideSolutionNode = FALSE
	EndGlobalSection
	GlobalSection(ExtensibilityGlobals) = postSolution
		SolutionGuid = {D9866C84-3E64-4C9D-9C85-DCB43770D874}
	EndGlobalSection
EndGlobal
