
Microsoft Visual Studio Solution File, Format Version 12.00
# Visual Studio Version 17
VisualStudioVersion = 17.14.36930.0 d17.14
MinimumVisualStudioVersion = 10.0.40219.1
Project("{FAE04EC0-301F-11D3-BF4B-00C04F79EFBC}") = "RSS", "RSS\RSS.csproj", "{11804A6B-FE2B-43BF-966E-ECA88AA6D45F}"
EndProject
Global
	GlobalSection(SolutionConfigurationPlatforms) = preSolution
		Debug|Any CPU = Debug|Any CPU
		Release|Any CPU = Release|Any CPU
	EndGlobalSection
	GlobalSection(ProjectConfigurationPlatforms) = postSolution
		{11804A6B-FE2B-43BF-966E-ECA88AA6D45F}.Debug|Any CPU.ActiveCfg = Debug|Any CPU
		{11804A6B-FE2B-43BF-966E-ECA88AA6D45F}.Debug|Any CPU.Build.0 = Debug|Any CPU
		{11804A6B-FE2B-43BF-966E-ECA88AA6D45F}.Release|Any CPU.ActiveCfg = Release|Any CPU
		{11804A6B-FE2B-43BF-966E-ECA88AA6D45F}.Release|Any CPU.Build.0 = Release|Any CPU
	EndGlobalSection
	GlobalSection(SolutionProperties) = preSolution
		HideSolutionNode = FALSE
	EndGlobalSection
	GlobalSection(ExtensibilityGlobals) = postSolution
		SolutionGuid = {9066FEEE-C4FD-4669-8FFB-628B23A8183D}
	EndGlobalSection
EndGlobal
