
Microsoft Visual Studio Solution File, Format Version 12.00
# Visual Studio Version 17
VisualStudioVersion = 17.14.36930.0 d17.14
MinimumVisualStudioVersion = 10.0.40219.1
Project("{FAE04EC0-301F-11D3-BF4B-00C04F79EFBC}") = "List_Ornek", "List_Ornek\List_Ornek.csproj", "{3276D138-4A45-4FDA-A5C3-418B5E52DDE0}"
EndProject
Global
	GlobalSection(SolutionConfigurationPlatforms) = preSolution
		Debug|Any CPU = Debug|Any CPU
		Release|Any CPU = Release|Any CPU
	EndGlobalSection
	GlobalSection(ProjectConfigurationPlatforms) = postSolution
		{3276D138-4A45-4FDA-A5C3-418B5E52DDE0}.Debug|Any CPU.ActiveCfg = Debug|Any CPU
		{3276D138-4A45-4FDA-A5C3-418B5E52DDE0}.Debug|Any CPU.Build.0 = Debug|Any CPU
		{3276D138-4A45-4FDA-A5C3-418B5E52DDE0}.Release|Any CPU.ActiveCfg = Release|Any CPU
		{3276D138-4A45-4FDA-A5C3-418B5E52DDE0}.Release|Any CPU.Build.0 = Release|Any CPU
	EndGlobalSection
	GlobalSection(SolutionProperties) = preSolution
		HideSolutionNode = FALSE
	EndGlobalSection
	GlobalSection(ExtensibilityGlobals) = postSolution
		SolutionGuid = {B8C00A1D-BFA1-4C4A-95E5-A734D2F5C9C1}
	EndGlobalSection
EndGlobal
