
Microsoft Visual Studio Solution File, Format Version 12.00
# Visual Studio Version 17
VisualStudioVersion = 17.14.36915.13 d17.14
MinimumVisualStudioVersion = 10.0.40219.1
Project("{FAE04EC0-301F-11D3-BF4B-00C04F79EFBC}") = "Kelime_Ogren", "Kelime_Ogren\Kelime_Ogren.csproj", "{15EF5B86-01D2-4F35-AE44-22F784A48CF4}"
EndProject
Global
	GlobalSection(SolutionConfigurationPlatforms) = preSolution
		Debug|Any CPU = Debug|Any CPU
		Release|Any CPU = Release|Any CPU
	EndGlobalSection
	GlobalSection(ProjectConfigurationPlatforms) = postSolution
		{15EF5B86-01D2-4F35-AE44-22F784A48CF4}.Debug|Any CPU.ActiveCfg = Debug|Any CPU
		{15EF5B86-01D2-4F35-AE44-22F784A48CF4}.Debug|Any CPU.Build.0 = Debug|Any CPU
		{15EF5B86-01D2-4F35-AE44-22F784A48CF4}.Release|Any CPU.ActiveCfg = Release|Any CPU
		{15EF5B86-01D2-4F35-AE44-22F784A48CF4}.Release|Any CPU.Build.0 = Release|Any CPU
	EndGlobalSection
	GlobalSection(SolutionProperties) = preSolution
		HideSolutionNode = FALSE
	EndGlobalSection
	GlobalSection(ExtensibilityGlobals) = postSolution
		SolutionGuid = {B082208F-81B0-40A5-8430-2BDD13C9F76F}
	EndGlobalSection
EndGlobal
